
Microsoft Visual Studio Solution File, Format Version 12.00
# Visual Studio 2012
Project("{FAE04EC0-301F-11D3-BF4B-00C04F79EFBC}") = "TrainDelayed", "TrainDelayed\TrainDelayed.csproj", "{88AF841E-04D8-440C-9BDC-14E8FAEE7BBB}"
EndProject
Project("{2150E333-8FDC-42A3-9474-1A3956D46DE8}") = "Solution Items", "Solution Items", "{E4708F1B-BA6A-4916-BBC9-7F401F8BD0BF}"
	ProjectSection(SolutionItems) = preProject
		.gitattributes = .gitattributes
		.gitignore = .gitignore
		README.md = README.md
	EndProjectSection
EndProject
Global
	GlobalSection(SolutionConfigurationPlatforms) = preSolution
		Debug|Any CPU = Debug|Any CPU
		Release|Any CPU = Release|Any CPU
	EndGlobalSection
	GlobalSection(ProjectConfigurationPlatforms) = postSolution
		{88AF841E-04D8-440C-9BDC-14E8FAEE7BBB}.Debug|Any CPU.ActiveCfg = Debug|Any CPU
		{88AF841E-04D8-440C-9BDC-14E8FAEE7BBB}.Debug|Any CPU.Build.0 = Debug|Any CPU
		{88AF841E-04D8-440C-9BDC-14E8FAEE7BBB}.Release|Any CPU.ActiveCfg = Release|Any CPU
		{88AF841E-04D8-440C-9BDC-14E8FAEE7BBB}.Release|Any CPU.Build.0 = Release|Any CPU
	EndGlobalSection
	GlobalSection(SolutionProperties) = preSolution
		HideSolutionNode = FALSE
	EndGlobalSection
EndGlobal
